// !$*UTF8*$!
{
	archiveVersion = 1;
	classes = {
	};
	objectVersion = 55;
	objects = {

/* Begin PBXBuildFile section */
		A88229E8287D81160087ACEA /* AppDelegate.swift in Sources */ = {isa = PBXBuildFile; fileRef = A88229E7287D81160087ACEA /* AppDelegate.swift */; };
		A88229EA287D81160087ACEA /* SceneDelegate.swift in Sources */ = {isa = PBXBuildFile; fileRef = A88229E9287D81160087ACEA /* SceneDelegate.swift */; };
		A88229EC287D81160087ACEA /* ViewController.swift in Sources */ = {isa = PBXBuildFile; fileRef = A88229EB287D81160087ACEA /* ViewController.swift */; };
		A88229EF287D81160087ACEA /* Main.storyboard in Resources */ = {isa = PBXBuildFile; fileRef = A88229ED287D81160087ACEA /* Main.storyboard */; };
		A88229F1287D81170087ACEA /* Assets.xcassets in Resources */ = {isa = PBXBuildFile; fileRef = A88229F0287D81170087ACEA /* Assets.xcassets */; };
		A88229F4287D81170087ACEA /* LaunchScreen.storyboard in Resources */ = {isa = PBXBuildFile; fileRef = A88229F2287D81170087ACEA /* LaunchScreen.storyboard */; };
		A88229FC287D82330087ACEA /* CardsCollectionViewCell.swift in Sources */ = {isa = PBXBuildFile; fileRef = A88229FB287D82330087ACEA /* CardsCollectionViewCell.swift */; };
		A88229FE287D83400087ACEA /* Cards.swift in Sources */ = {isa = PBXBuildFile; fileRef = A88229FD287D83400087ACEA /* Cards.swift */; };
		A8822A04287DB0E70087ACEA /* FooterCollectionReusableView.swift in Sources */ = {isa = PBXBuildFile; fileRef = A8822A03287DB0E70087ACEA /* FooterCollectionReusableView.swift */; };
		A8822A06287DC20C0087ACEA /* StartViewController.swift in Sources */ = {isa = PBXBuildFile; fileRef = A8822A05287DC20C0087ACEA /* StartViewController.swift */; };
		A8822A0D287DDD0C0087ACEA /* DetailedViewController.swift in Sources */ = {isa = PBXBuildFile; fileRef = A8822A0C287DDD0C0087ACEA /* DetailedViewController.swift */; };
/* End PBXBuildFile section */

/* Begin PBXFileReference section */
		A88229E4287D81160087ACEA /* Cards.app */ = {isa = PBXFileReference; explicitFileType = wrapper.application; includeInIndex = 0; path = Cards.app; sourceTree = BUILT_PRODUCTS_DIR; };
		A88229E7287D81160087ACEA /* AppDelegate.swift */ = {isa = PBXFileReference; lastKnownFileType = sourcecode.swift; path = AppDelegate.swift; sourceTree = "<group>"; };
		A88229E9287D81160087ACEA /* SceneDelegate.swift */ = {isa = PBXFileReference; lastKnownFileType = sourcecode.swift; path = SceneDelegate.swift; sourceTree = "<group>"; };
		A88229EB287D81160087ACEA /* ViewController.swift */ = {isa = PBXFileReference; lastKnownFileType = sourcecode.swift; path = ViewController.swift; sourceTree = "<group>"; };
		A88229EE287D81160087ACEA /* Base */ = {isa = PBXFileReference; lastKnownFileType = file.storyboard; name = Base; path = Base.lproj/Main.storyboard; sourceTree = "<group>"; };
		A88229F0287D81170087ACEA /* Assets.xcassets */ = {isa = PBXFileReference; lastKnownFileType = folder.assetcatalog; path = Assets.xcassets; sourceTree = "<group>"; };
		A88229F3287D81170087ACEA /* Base */ = {isa = PBXFileReference; lastKnownFileType = file.storyboard; name = Base; path = Base.lproj/LaunchScreen.storyboard; sourceTree = "<group>"; };
		A88229F5287D81170087ACEA /* Info.plist */ = {isa = PBXFileReference; lastKnownFileType = text.plist.xml; path = Info.plist; sourceTree = "<group>"; };
		A88229FB287D82330087ACEA /* CardsCollectionViewCell.swift */ = {isa = PBXFileReference; lastKnownFileType = sourcecode.swift; path = CardsCollectionViewCell.swift; sourceTree = "<group>"; };
		A88229FD287D83400087ACEA /* Cards.swift */ = {isa = PBXFileReference; lastKnownFileType = sourcecode.swift; path = Cards.swift; sourceTree = "<group>"; };
		A8822A03287DB0E70087ACEA /* FooterCollectionReusableView.swift */ = {isa = PBXFileReference; lastKnownFileType = sourcecode.swift; path = FooterCollectionReusableView.swift; sourceTree = "<group>"; };
		A8822A05287DC20C0087ACEA /* StartViewController.swift */ = {isa = PBXFileReference; lastKnownFileType = sourcecode.swift; path = StartViewController.swift; sourceTree = "<group>"; };
		A8822A0C287DDD0C0087ACEA /* DetailedViewController.swift */ = {isa = PBXFileReference; lastKnownFileType = sourcecode.swift; path = DetailedViewController.swift; sourceTree = "<group>"; };
/* End PBXFileReference section */

/* Begin PBXFrameworksBuildPhase section */
		A88229E1287D81160087ACEA /* Frameworks */ = {
			isa = PBXFrameworksBuildPhase;
			buildActionMask = 2147483647;
			files = (
			);
			runOnlyForDeploymentPostprocessing = 0;
		};
/* End PBXFrameworksBuildPhase section */

/* Begin PBXGroup section */
		A88229DB287D81160087ACEA = {
			isa = PBXGroup;
			children = (
				A88229E6287D81160087ACEA /* Cards */,
				A88229E5287D81160087ACEA /* Products */,
			);
			sourceTree = "<group>";
		};
		A88229E5287D81160087ACEA /* Products */ = {
			isa = PBXGroup;
			children = (
				A88229E4287D81160087ACEA /* Cards.app */,
			);
			name = Products;
			sourceTree = "<group>";
		};
		A88229E6287D81160087ACEA /* Cards */ = {
			isa = PBXGroup;
			children = (
				A8822A08287DD6500087ACEA /* ViewControllers */,
				A8822A09287DD65F0087ACEA /* StoryBoard */,
				A8822A0A287DD6720087ACEA /* Other */,
				A8822A0B287DD7420087ACEA /* CollectionViewData */,
				A8822A03287DB0E70087ACEA /* FooterCollectionReusableView.swift */,
				A88229F5287D81170087ACEA /* Info.plist */,
			);
			path = Cards;
			sourceTree = "<group>";
		};
		A8822A08287DD6500087ACEA /* ViewControllers */ = {
			isa = PBXGroup;
			children = (
				A8822A05287DC20C0087ACEA /* StartViewController.swift */,
				A88229EB287D81160087ACEA /* ViewController.swift */,
				A8822A0C287DDD0C0087ACEA /* DetailedViewController.swift */,
			);
			path = ViewControllers;
			sourceTree = "<group>";
		};
		A8822A09287DD65F0087ACEA /* StoryBoard */ = {
			isa = PBXGroup;
			children = (
				A88229F2287D81170087ACEA /* LaunchScreen.storyboard */,
				A88229ED287D81160087ACEA /* Main.storyboard */,
			);
			path = StoryBoard;
			sourceTree = "<group>";
		};
		A8822A0A287DD6720087ACEA /* Other */ = {
			isa = PBXGroup;
			children = (
				A88229E9287D81160087ACEA /* SceneDelegate.swift */,
				A88229E7287D81160087ACEA /* AppDelegate.swift */,
				A88229F0287D81170087ACEA /* Assets.xcassets */,
			);
			path = Other;
			sourceTree = "<group>";
		};
		A8822A0B287DD7420087ACEA /* CollectionViewData */ = {
			isa = PBXGroup;
			children = (
				A88229FD287D83400087ACEA /* Cards.swift */,
				A88229FB287D82330087ACEA /* CardsCollectionViewCell.swift */,
			);
			path = CollectionViewData;
			sourceTree = "<group>";
		};
/* End PBXGroup section */

/* Begin PBXNativeTarget section */
		A88229E3287D81160087ACEA /* Cards */ = {
			isa = PBXNativeTarget;
			buildConfigurationList = A88229F8287D81170087ACEA /* Build configuration list for PBXNativeTarget "Cards" */;
			buildPhases = (
				A88229E0287D81160087ACEA /* Sources */,
				A88229E1287D81160087ACEA /* Frameworks */,
				A88229E2287D81160087ACEA /* Resources */,
			);
			buildRules = (
			);
			dependencies = (
			);
			name = Cards;
			productName = Cards;
			productReference = A88229E4287D81160087ACEA /* Cards.app */;
			productType = "com.apple.product-type.application";
		};
/* End PBXNativeTarget section */

/* Begin PBXProject section */
		A88229DC287D81160087ACEA /* Project object */ = {
			isa = PBXProject;
			attributes = {
				BuildIndependentTargetsInParallel = 1;
				LastSwiftUpdateCheck = 1340;
				LastUpgradeCheck = 1340;
				TargetAttributes = {
					A88229E3287D81160087ACEA = {
						CreatedOnToolsVersion = 13.4.1;
					};
				};
			};
			buildConfigurationList = A88229DF287D81160087ACEA /* Build configuration list for PBXProject "Cards" */;
			compatibilityVersion = "Xcode 13.0";
			developmentRegion = en;
			hasScannedForEncodings = 0;
			knownRegions = (
				en,
				Base,
			);
			mainGroup = A88229DB287D81160087ACEA;
			productRefGroup = A88229E5287D81160087ACEA /* Products */;
			projectDirPath = "";
			projectRoot = "";
			targets = (
				A88229E3287D81160087ACEA /* Cards */,
			);
		};
/* End PBXProject section */

/* Begin PBXResourcesBuildPhase section */
		A88229E2287D81160087ACEA /* Resources */ = {
			isa = PBXResourcesBuildPhase;
			buildActionMask = 2147483647;
			files = (
				A88229F4287D81170087ACEA /* LaunchScreen.storyboard in Resources */,
				A88229F1287D81170087ACEA /* Assets.xcassets in Resources */,
				A88229EF287D81160087ACEA /* Main.storyboard in Resources */,
			);
			runOnlyForDeploymentPostprocessing = 0;
		};
/* End PBXResourcesBuildPhase section */

/* Begin PBXSourcesBuildPhase section */
		A88229E0287D81160087ACEA /* Sources */ = {
			isa = PBXSourcesBuildPhase;
			buildActionMask = 2147483647;
			files = (
				A8822A06287DC20C0087ACEA /* StartViewController.swift in Sources */,
				A88229FE287D83400087ACEA /* Cards.swift in Sources */,
				A8822A0D287DDD0C0087ACEA /* DetailedViewController.swift in Sources */,
				A88229FC287D82330087ACEA /* CardsCollectionViewCell.swift in Sources */,
				A88229EC287D81160087ACEA /* ViewController.swift in Sources */,
				A88229E8287D81160087ACEA /* AppDelegate.swift in Sources */,
				A8822A04287DB0E70087ACEA /* FooterCollectionReusableView.swift in Sources */,
				A88229EA287D81160087ACEA /* SceneDelegate.swift in Sources */,
			);
			runOnlyForDeploymentPostprocessing = 0;
		};
/* End PBXSourcesBuildPhase section */

/* Begin PBXVariantGroup section */
		A88229ED287D81160087ACEA /* Main.storyboard */ = {
			isa = PBXVariantGroup;
			children = (
				A88229EE287D81160087ACEA /* Base */,
			);
			name = Main.storyboard;
			sourceTree = "<group>";
		};
		A88229F2287D81170087ACEA /* LaunchScreen.storyboard */ = {
			isa = PBXVariantGroup;
			children = (
				A88229F3287D81170087ACEA /* Base */,
			);
			name = LaunchScreen.storyboard;
			sourceTree = "<group>";
		};
/* End PBXVariantGroup section */

/* Begin XCBuildConfiguration section */
		A88229F6287D81170087ACEA /* Debug */ = {
			isa = XCBuildConfiguration;
			buildSettings = {
				ALWAYS_SEARCH_USER_PATHS = NO;
				CLANG_ANALYZER_NONNULL = YES;
				CLANG_ANALYZER_NUMBER_OBJECT_CONVERSION = YES_AGGRESSIVE;
				CLANG_CXX_LANGUAGE_STANDARD = "gnu++17";
				CLANG_ENABLE_MODULES = YES;
				CLANG_ENABLE_OBJC_ARC = YES;
				CLANG_ENABLE_OBJC_WEAK = YES;
				CLANG_WARN_BLOCK_CAPTURE_AUTORELEASING = YES;
				CLANG_WARN_BOOL_CONVERSION = YES;
				CLANG_WARN_COMMA = YES;
				CLANG_WARN_CONSTANT_CONVERSION = YES;
				CLANG_WARN_DEPRECATED_OBJC_IMPLEMENTATIONS = YES;
				CLANG_WARN_DIRECT_OBJC_ISA_USAGE = YES_ERROR;
				CLANG_WARN_DOCUMENTATION_COMMENTS = YES;
				CLANG_WARN_EMPTY_BODY = YES;
				CLANG_WARN_ENUM_CONVERSION = YES;
				CLANG_WARN_INFINITE_RECURSION = YES;
				CLANG_WARN_INT_CONVERSION = YES;
				CLANG_WARN_NON_LITERAL_NULL_CONVERSION = YES;
				CLANG_WARN_OBJC_IMPLICIT_RETAIN_SELF = YES;
				CLANG_WARN_OBJC_LITERAL_CONVERSION = YES;
				CLANG_WARN_OBJC_ROOT_CLASS = YES_ERROR;
				CLANG_WARN_QUOTED_INCLUDE_IN_FRAMEWORK_HEADER = YES;
				CLANG_WARN_RANGE_LOOP_ANALYSIS = YES;
				CLANG_WARN_STRICT_PROTOTYPES = YES;
				CLANG_WARN_SUSPICIOUS_MOVE = YES;
				CLANG_WARN_UNGUARDED_AVAILABILITY = YES_AGGRESSIVE;
				CLANG_WARN_UNREACHABLE_CODE = YES;
				CLANG_WARN__DUPLICATE_METHOD_MATCH = YES;
				COPY_PHASE_STRIP = NO;
				DEBUG_INFORMATION_FORMAT = dwarf;
				ENABLE_STRICT_OBJC_MSGSEND = YES;
				ENABLE_TESTABILITY = YES;
				GCC_C_LANGUAGE_STANDARD = gnu11;
				GCC_DYNAMIC_NO_PIC = NO;
				GCC_NO_COMMON_BLOCKS = YES;
				GCC_OPTIMIZATION_LEVEL = 0;
				GCC_PREPROCESSOR_DEFINITIONS = (
					"DEBUG=1",
					"$(inherited)",
				);
				GCC_WARN_64_TO_32_BIT_CONVERSION = YES;
				GCC_WARN_ABOUT_RETURN_TYPE = YES_ERROR;
				GCC_WARN_UNDECLARED_SELECTOR = YES;
				GCC_WARN_UNINITIALIZED_AUTOS = YES_AGGRESSIVE;
				GCC_WARN_UNUSED_FUNCTION = YES;
				GCC_WARN_UNUSED_VARIABLE = YES;
				IPHONEOS_DEPLOYMENT_TARGET = 15.5;
				MTL_ENABLE_DEBUG_INFO = INCLUDE_SOURCE;
				MTL_FAST_MATH = YES;
				ONLY_ACTIVE_ARCH = YES;
				SDKROOT = iphoneos;
				SWIFT_ACTIVE_COMPILATION_CONDITIONS = DEBUG;
				SWIFT_OPTIMIZATION_LEVEL = "-Onone";
			};
			name = Debug;
		};
		A88229F7287D81170087ACEA /* Release */ = {
			isa = XCBuildConfiguration;
			buildSettings = {
				ALWAYS_SEARCH_USER_PATHS = NO;
				CLANG_ANALYZER_NONNULL = YES;
				CLANG_ANALYZER_NUMBER_OBJECT_CONVERSION = YES_AGGRESSIVE;
				CLANG_CXX_LANGUAGE_STANDARD = "gnu++17";
				CLANG_ENABLE_MODULES = YES;
				CLANG_ENABLE_OBJC_ARC = YES;
				CLANG_ENABLE_OBJC_WEAK = YES;
				CLANG_WARN_BLOCK_CAPTURE_AUTORELEASING = YES;
				CLANG_WARN_BOOL_CONVERSION = YES;
				CLANG_WARN_COMMA = YES;
				CLANG_WARN_CONSTANT_CONVERSION = YES;
				CLANG_WARN_DEPRECATED_OBJC_IMPLEMENTATIONS = YES;
				CLANG_WARN_DIRECT_OBJC_ISA_USAGE = YES_ERROR;
				CLANG_WARN_DOCUMENTATION_COMMENTS = YES;
				CLANG_WARN_EMPTY_BODY = YES;
				CLANG_WARN_ENUM_CONVERSION = YES;
				CLANG_WARN_INFINITE_RECURSION = YES;
				CLANG_WARN_INT_CONVERSION = YES;
				CLANG_WARN_NON_LITERAL_NULL_CONVERSION = YES;
				CLANG_WARN_OBJC_IMPLICIT_RETAIN_SELF = YES;
				CLANG_WARN_OBJC_LITERAL_CONVERSION = YES;
				CLANG_WARN_OBJC_ROOT_CLASS = YES_ERROR;
				CLANG_WARN_QUOTED_INCLUDE_IN_FRAMEWORK_HEADER = YES;
				CLANG_WARN_RANGE_LOOP_ANALYSIS = YES;
				CLANG_WARN_STRICT_PROTOTYPES = YES;
				CLANG_WARN_SUSPICIOUS_MOVE = YES;
				CLANG_WARN_UNGUARDED_AVAILABILITY = YES_AGGRESSIVE;
				CLANG_WARN_UNREACHABLE_CODE = YES;
				CLANG_WARN__DUPLICATE_METHOD_MATCH = YES;
				COPY_PHASE_STRIP = NO;
				DEBUG_INFORMATION_FORMAT = "dwarf-with-dsym";
				ENABLE_NS_ASSERTIONS = NO;
				ENABLE_STRICT_OBJC_MSGSEND = YES;
				GCC_C_LANGUAGE_STANDARD = gnu11;
				GCC_NO_COMMON_BLOCKS = YES;
				GCC_WARN_64_TO_32_BIT_CONVERSION = YES;
				GCC_WARN_ABOUT_RETURN_TYPE = YES_ERROR;
				GCC_WARN_UNDECLARED_SELECTOR = YES;
				GCC_WARN_UNINITIALIZED_AUTOS = YES_AGGRESSIVE;
				GCC_WARN_UNUSED_FUNCTION = YES;
				GCC_WARN_UNUSED_VARIABLE = YES;
				IPHONEOS_DEPLOYMENT_TARGET = 15.5;
				MTL_ENABLE_DEBUG_INFO = NO;
				MTL_FAST_MATH = YES;
				SDKROOT = iphoneos;
				SWIFT_COMPILATION_MODE = wholemodule;
				SWIFT_OPTIMIZATION_LEVEL = "-O";
				VALIDATE_PRODUCT = YES;
			};
			name = Release;
		};
		A88229F9287D81170087ACEA /* Debug */ = {
			isa = XCBuildConfiguration;
			buildSettings = {
				ASSETCATALOG_COMPILER_APPICON_NAME = AppIcon;
				ASSETCATALOG_COMPILER_GLOBAL_ACCENT_COLOR_NAME = AccentColor;
				CODE_SIGN_STYLE = Automatic;
				CURRENT_PROJECT_VERSION = 1;
				DEVELOPMENT_TEAM = 48Q38658W7;
				GENERATE_INFOPLIST_FILE = YES;
				INFOPLIST_FILE = Cards/Info.plist;
				INFOPLIST_KEY_UIApplicationSupportsIndirectInputEvents = YES;
				INFOPLIST_KEY_UILaunchStoryboardName = LaunchScreen;
				INFOPLIST_KEY_UIMainStoryboardFile = Main;
				INFOPLIST_KEY_UISupportedInterfaceOrientations_iPad = "UIInterfaceOrientationPortrait UIInterfaceOrientationPortraitUpsideDown UIInterfaceOrientationLandscapeLeft UIInterfaceOrientationLandscapeRight";
				INFOPLIST_KEY_UISupportedInterfaceOrientations_iPhone = "UIInterfaceOrientationPortrait UIInterfaceOrientationLandscapeLeft UIInterfaceOrientationLandscapeRight";
				LD_RUNPATH_SEARCH_PATHS = (
					"$(inherited)",
					"@executable_path/Frameworks",
				);
				MARKETING_VERSION = 1.0;
				PRODUCT_BUNDLE_IDENTIFIER = BigNerdRanch.Cards;
				PRODUCT_NAME = "$(TARGET_NAME)";
				SWIFT_EMIT_LOC_STRINGS = YES;
				SWIFT_VERSION = 5.0;
				TARGETED_DEVICE_FAMILY = "1,2";
			};
			name = Debug;
		};
		A88229FA287D81170087ACEA /* Release */ = {
			isa = XCBuildConfiguration;
			buildSettings = {
				ASSETCATALOG_COMPILER_APPICON_NAME = AppIcon;
				ASSETCATALOG_COMPILER_GLOBAL_ACCENT_COLOR_NAME = AccentColor;
				CODE_SIGN_STYLE = Automatic;
				CURRENT_PROJECT_VERSION = 1;
				DEVELOPMENT_TEAM = 48Q38658W7;
				GENERATE_INFOPLIST_FILE = YES;
				INFOPLIST_FILE = Cards/Info.plist;
				INFOPLIST_KEY_UIApplicationSupportsIndirectInputEvents = YES;
				INFOPLIST_KEY_UILaunchStoryboardName = LaunchScreen;
				INFOPLIST_KEY_UIMainStoryboardFile = Main;
				INFOPLIST_KEY_UISupportedInterfaceOrientations_iPad = "UIInterfaceOrientationPortrait UIInterfaceOrientationPortraitUpsideDown UIInterfaceOrientationLandscapeLeft UIInterfaceOrientationLandscapeRight";
				INFOPLIST_KEY_UISupportedInterfaceOrientations_iPhone = "UIInterfaceOrientationPortrait UIInterfaceOrientationLandscapeLeft UIInterfaceOrientationLandscapeRight";
				LD_RUNPATH_SEARCH_PATHS = (
					"$(inherited)",
					"@executable_path/Frameworks",
				);
				MARKETING_VERSION = 1.0;
				PRODUCT_BUNDLE_IDENTIFIER = BigNerdRanch.Cards;
				PRODUCT_NAME = "$(TARGET_NAME)";
				SWIFT_EMIT_LOC_STRINGS = YES;
				SWIFT_VERSION = 5.0;
				TARGETED_DEVICE_FAMILY = "1,2";
			};
			name = Release;
		};
/* End XCBuildConfiguration section */

/* Begin XCConfigurationList section */
		A88229DF287D81160087ACEA /* Build configuration list for PBXProject "Cards" */ = {
			isa = XCConfigurationList;
			buildConfigurations = (
				A88229F6287D81170087ACEA /* Debug */,
				A88229F7287D81170087ACEA /* Release */,
			);
			defaultConfigurationIsVisible = 0;
			defaultConfigurationName = Release;
		};
		A88229F8287D81170087ACEA /* Build configuration list for PBXNativeTarget "Cards" */ = {
			isa = XCConfigurationList;
			buildConfigurations = (
				A88229F9287D81170087ACEA /* Debug */,
				A88229FA287D81170087ACEA /* Release */,
			);
			defaultConfigurationIsVisible = 0;
			defaultConfigurationName = Release;
		};
/* End XCConfigurationList section */
	};
	rootObject = A88229DC287D81160087ACEA /* Project object */;
}
